
Microsoft Visual Studio Solution File, Format Version 12.00
# Visual Studio 2012
Project("{8BC9CEB8-8B4A-11D0-8D11-00A0C91BC942}") = "CDemo01", "CDemo01\CDemo01.vcxproj", "{3C195842-FD84-4673-86BC-22CAF841CFF4}"
EndProject
Project("{8BC9CEB8-8B4A-11D0-8D11-00A0C91BC942}") = "CDemo02", "CDemo02\CDemo02.vcxproj", "{EF586433-0636-4C80-ACB0-B404E9F0300C}"
EndProject
Project("{8BC9CEB8-8B4A-11D0-8D11-00A0C91BC942}") = "Win32_01", "Win32_01\Win32_01.vcxproj", "{C15974D8-2EE0-4A7D-9778-44062AB7E8B1}"
EndProject
Project("{8BC9CEB8-8B4A-11D0-8D11-00A0C91BC942}") = "MFC01", "MFC01\MFC01.vcxproj", "{08229772-9623-44E3-A3BD-4D56EC51C9C3}"
EndProject
Project("{8BC9CEB8-8B4A-11D0-8D11-00A0C91BC942}") = "MFCDc01", "MFCDc01\MFCDc01.vcxproj", "{418A4140-C35F-4B1B-ABD6-8B3D7FA5C1B3}"
EndProject
Project("{8BC9CEB8-8B4A-11D0-8D11-00A0C91BC942}") = "MFCClistCtrl01", "MFCClistCtrl01\MFCClistCtrl01.vcxproj", "{2B406506-6A4D-40BC-8BA6-C37AC50044A5}"
EndProject
Project("{8BC9CEB8-8B4A-11D0-8D11-00A0C91BC942}") = "MFC02", "MFC02\MFC02.vcxproj", "{75586B89-9050-41CC-A924-F2AE9D733D20}"
EndProject
Project("{FAE04EC0-301F-11D3-BF4B-00C04F79EFBC}") = "WebApp01", "WebApp01\WebApp01.csproj", "{87F689C9-A556-43B3-AB63-392C8315576B}"
EndProject
Project("{FAE04EC0-301F-11D3-BF4B-00C04F79EFBC}") = "WebBrowserIEProxyAPP", "WebBrowserIEProxyAPP\WebBrowserIEProxyAPP.csproj", "{C2A38BC3-5E51-4E57-9B94-4F7D93295381}"
EndProject
Project("{FAE04EC0-301F-11D3-BF4B-00C04F79EFBC}") = "PhoneApp1", "PhoneApp1\PhoneApp1.csproj", "{E8175870-8D7D-427B-8C7E-C2677838E72C}"
EndProject
Project("{8BC9CEB8-8B4A-11D0-8D11-00A0C91BC942}") = "MFCActiveXControl1", "MFCActiveXControl1\MFCActiveXControl1.vcxproj", "{35816134-5BEF-4BB5-8C04-FD73E413185B}"
EndProject
Project("{FAE04EC0-301F-11D3-BF4B-00C04F79EFBC}") = "ConsoleApplication1", "ConsoleApplication1\ConsoleApplication1.csproj", "{BBF25920-CD32-4EBF-AE37-A185C7BFF1FD}"
EndProject
Project("{8BC9CEB8-8B4A-11D0-8D11-00A0C91BC942}") = "CProjectDemo01", "CProjectDemo01\CProjectDemo01.vcxproj", "{DA593235-5BFD-4009-84F0-05BA75CB1175}"
EndProject
Project("{8BC9CEB8-8B4A-11D0-8D11-00A0C91BC942}") = "MFCApplication1", "MFCApplication1\MFCApplication1.vcxproj", "{26BE90D0-2A48-48AD-A402-68E58CFCF35C}"
EndProject
Project("{8BC9CEB8-8B4A-11D0-8D11-00A0C91BC942}") = "RegeditHrefLibrary", "RegeditHrefLibrary\RegeditHrefLibrary.vcxproj", "{4D01C8BC-8EAE-4AAC-957E-992299A3B089}"
EndProject
Project("{8BC9CEB8-8B4A-11D0-8D11-00A0C91BC942}") = "Project1", "Project1\Project1.vcxproj", "{17755C52-03EC-4178-85EF-284EB164EBDB}"
EndProject
Global
	GlobalSection(SolutionConfigurationPlatforms) = preSolution
		Debug|Any CPU = Debug|Any CPU
		Debug|ARM = Debug|ARM
		Debug|Mixed Platforms = Debug|Mixed Platforms
		Debug|Win32 = Debug|Win32
		Debug|x64 = Debug|x64
		Debug|x86 = Debug|x86
		Release|Any CPU = Release|Any CPU
		Release|ARM = Release|ARM
		Release|Mixed Platforms = Release|Mixed Platforms
		Release|Win32 = Release|Win32
		Release|x64 = Release|x64
		Release|x86 = Release|x86
	EndGlobalSection
	GlobalSection(ProjectConfigurationPlatforms) = postSolution
		{3C195842-FD84-4673-86BC-22CAF841CFF4}.Debug|Any CPU.ActiveCfg = Debug|Win32
		{3C195842-FD84-4673-86BC-22CAF841CFF4}.Debug|ARM.ActiveCfg = Debug|Win32
		{3C195842-FD84-4673-86BC-22CAF841CFF4}.Debug|Mixed Platforms.ActiveCfg = Debug|Win32
		{3C195842-FD84-4673-86BC-22CAF841CFF4}.Debug|Win32.ActiveCfg = Debug|Win32
		{3C195842-FD84-4673-86BC-22CAF841CFF4}.Debug|Win32.Build.0 = Debug|Win32
		{3C195842-FD84-4673-86BC-22CAF841CFF4}.Debug|x64.ActiveCfg = Debug|Win32
		{3C195842-FD84-4673-86BC-22CAF841CFF4}.Debug|x86.ActiveCfg = Debug|Win32
		{3C195842-FD84-4673-86BC-22CAF841CFF4}.Release|Any CPU.ActiveCfg = Release|Win32
		{3C195842-FD84-4673-86BC-22CAF841CFF4}.Release|ARM.ActiveCfg = Release|Win32
		{3C195842-FD84-4673-86BC-22CAF841CFF4}.Release|Mixed Platforms.ActiveCfg = Release|Win32
		{3C195842-FD84-4673-86BC-22CAF841CFF4}.Release|Win32.ActiveCfg = Release|Win32
		{3C195842-FD84-4673-86BC-22CAF841CFF4}.Release|Win32.Build.0 = Release|Win32
		{3C195842-FD84-4673-86BC-22CAF841CFF4}.Release|x64.ActiveCfg = Release|Win32
		{3C195842-FD84-4673-86BC-22CAF841CFF4}.Release|x86.ActiveCfg = Release|Win32
		{EF586433-0636-4C80-ACB0-B404E9F0300C}.Debug|Any CPU.ActiveCfg = Debug|Win32
		{EF586433-0636-4C80-ACB0-B404E9F0300C}.Debug|ARM.ActiveCfg = Debug|Win32
		{EF586433-0636-4C80-ACB0-B404E9F0300C}.Debug|Mixed Platforms.ActiveCfg = Debug|Win32
		{EF586433-0636-4C80-ACB0-B404E9F0300C}.Debug|Win32.ActiveCfg = Debug|Win32
		{EF586433-0636-4C80-ACB0-B404E9F0300C}.Debug|Win32.Build.0 = Debug|Win32
		{EF586433-0636-4C80-ACB0-B404E9F0300C}.Debug|x64.ActiveCfg = Debug|Win32
		{EF586433-0636-4C80-ACB0-B404E9F0300C}.Debug|x86.ActiveCfg = Debug|Win32
		{EF586433-0636-4C80-ACB0-B404E9F0300C}.Release|Any CPU.ActiveCfg = Release|Win32
		{EF586433-0636-4C80-ACB0-B404E9F0300C}.Release|ARM.ActiveCfg = Release|Win32
		{EF586433-0636-4C80-ACB0-B404E9F0300C}.Release|Mixed Platforms.ActiveCfg = Release|Win32
		{EF586433-0636-4C80-ACB0-B404E9F0300C}.Release|Win32.ActiveCfg = Release|Win32
		{EF586433-0636-4C80-ACB0-B404E9F0300C}.Release|Win32.Build.0 = Release|Win32
		{EF586433-0636-4C80-ACB0-B404E9F0300C}.Release|x64.ActiveCfg = Release|Win32
		{EF586433-0636-4C80-ACB0-B404E9F0300C}.Release|x86.ActiveCfg = Release|Win32
		{C15974D8-2EE0-4A7D-9778-44062AB7E8B1}.Debug|Any CPU.ActiveCfg = Debug|Win32
		{C15974D8-2EE0-4A7D-9778-44062AB7E8B1}.Debug|ARM.ActiveCfg = Debug|Win32
		{C15974D8-2EE0-4A7D-9778-44062AB7E8B1}.Debug|Mixed Platforms.ActiveCfg = Debug|Win32
		{C15974D8-2EE0-4A7D-9778-44062AB7E8B1}.Debug|Win32.ActiveCfg = Debug|Win32
		{C15974D8-2EE0-4A7D-9778-44062AB7E8B1}.Debug|Win32.Build.0 = Debug|Win32
		{C15974D8-2EE0-4A7D-9778-44062AB7E8B1}.Debug|x64.ActiveCfg = Debug|Win32
		{C15974D8-2EE0-4A7D-9778-44062AB7E8B1}.Debug|x86.ActiveCfg = Debug|Win32
		{C15974D8-2EE0-4A7D-9778-44062AB7E8B1}.Release|Any CPU.ActiveCfg = Release|Win32
		{C15974D8-2EE0-4A7D-9778-44062AB7E8B1}.Release|ARM.ActiveCfg = Release|Win32
		{C15974D8-2EE0-4A7D-9778-44062AB7E8B1}.Release|Mixed Platforms.ActiveCfg = Release|Win32
		{C15974D8-2EE0-4A7D-9778-44062AB7E8B1}.Release|Win32.ActiveCfg = Release|Win32
		{C15974D8-2EE0-4A7D-9778-44062AB7E8B1}.Release|Win32.Build.0 = Release|Win32
		{C15974D8-2EE0-4A7D-9778-44062AB7E8B1}.Release|x64.ActiveCfg = Release|Win32
		{C15974D8-2EE0-4A7D-9778-44062AB7E8B1}.Release|x86.ActiveCfg = Release|Win32
		{08229772-9623-44E3-A3BD-4D56EC51C9C3}.Debug|Any CPU.ActiveCfg = Debug|Win32
		{08229772-9623-44E3-A3BD-4D56EC51C9C3}.Debug|ARM.ActiveCfg = Debug|Win32
		{08229772-9623-44E3-A3BD-4D56EC51C9C3}.Debug|Mixed Platforms.ActiveCfg = Debug|Win32
		{08229772-9623-44E3-A3BD-4D56EC51C9C3}.Debug|Win32.ActiveCfg = Debug|Win32
		{08229772-9623-44E3-A3BD-4D56EC51C9C3}.Debug|Win32.Build.0 = Debug|Win32
		{08229772-9623-44E3-A3BD-4D56EC51C9C3}.Debug|x64.ActiveCfg = Debug|Win32
		{08229772-9623-44E3-A3BD-4D56EC51C9C3}.Debug|x86.ActiveCfg = Debug|Win32
		{08229772-9623-44E3-A3BD-4D56EC51C9C3}.Release|Any CPU.ActiveCfg = Release|Win32
		{08229772-9623-44E3-A3BD-4D56EC51C9C3}.Release|ARM.ActiveCfg = Release|Win32
		{08229772-9623-44E3-A3BD-4D56EC51C9C3}.Release|Mixed Platforms.ActiveCfg = Release|Win32
		{08229772-9623-44E3-A3BD-4D56EC51C9C3}.Release|Win32.ActiveCfg = Release|Win32
		{08229772-9623-44E3-A3BD-4D56EC51C9C3}.Release|Win32.Build.0 = Release|Win32
		{08229772-9623-44E3-A3BD-4D56EC51C9C3}.Release|x64.ActiveCfg = Release|Win32
		{08229772-9623-44E3-A3BD-4D56EC51C9C3}.Release|x86.ActiveCfg = Release|Win32
		{418A4140-C35F-4B1B-ABD6-8B3D7FA5C1B3}.Debug|Any CPU.ActiveCfg = Debug|Win32
		{418A4140-C35F-4B1B-ABD6-8B3D7FA5C1B3}.Debug|ARM.ActiveCfg = Debug|Win32
		{418A4140-C35F-4B1B-ABD6-8B3D7FA5C1B3}.Debug|Mixed Platforms.ActiveCfg = Debug|Win32
		{418A4140-C35F-4B1B-ABD6-8B3D7FA5C1B3}.Debug|Win32.ActiveCfg = Debug|Win32
		{418A4140-C35F-4B1B-ABD6-8B3D7FA5C1B3}.Debug|Win32.Build.0 = Debug|Win32
		{418A4140-C35F-4B1B-ABD6-8B3D7FA5C1B3}.Debug|x64.ActiveCfg = Debug|Win32
		{418A4140-C35F-4B1B-ABD6-8B3D7FA5C1B3}.Debug|x86.ActiveCfg = Debug|Win32
		{418A4140-C35F-4B1B-ABD6-8B3D7FA5C1B3}.Release|Any CPU.ActiveCfg = Release|Win32
		{418A4140-C35F-4B1B-ABD6-8B3D7FA5C1B3}.Release|ARM.ActiveCfg = Release|Win32
		{418A4140-C35F-4B1B-ABD6-8B3D7FA5C1B3}.Release|Mixed Platforms.ActiveCfg = Release|Win32
		{418A4140-C35F-4B1B-ABD6-8B3D7FA5C1B3}.Release|Win32.ActiveCfg = Release|Win32
		{418A4140-C35F-4B1B-ABD6-8B3D7FA5C1B3}.Release|Win32.Build.0 = Release|Win32
		{418A4140-C35F-4B1B-ABD6-8B3D7FA5C1B3}.Release|x64.ActiveCfg = Release|Win32
		{418A4140-C35F-4B1B-ABD6-8B3D7FA5C1B3}.Release|x86.ActiveCfg = Release|Win32
		{2B406506-6A4D-40BC-8BA6-C37AC50044A5}.Debug|Any CPU.ActiveCfg = Debug|Win32
		{2B406506-6A4D-40BC-8BA6-C37AC50044A5}.Debug|ARM.ActiveCfg = Debug|Win32
		{2B406506-6A4D-40BC-8BA6-C37AC50044A5}.Debug|Mixed Platforms.ActiveCfg = Debug|Win32
		{2B406506-6A4D-40BC-8BA6-C37AC50044A5}.Debug|Win32.ActiveCfg = Debug|Win32
		{2B406506-6A4D-40BC-8BA6-C37AC50044A5}.Debug|Win32.Build.0 = Debug|Win32
		{2B406506-6A4D-40BC-8BA6-C37AC50044A5}.Debug|x64.ActiveCfg = Debug|Win32
		{2B406506-6A4D-40BC-8BA6-C37AC50044A5}.Debug|x86.ActiveCfg = Debug|Win32
		{2B406506-6A4D-40BC-8BA6-C37AC50044A5}.Release|Any CPU.ActiveCfg = Release|Win32
		{2B406506-6A4D-40BC-8BA6-C37AC50044A5}.Release|ARM.ActiveCfg = Release|Win32
		{2B406506-6A4D-40BC-8BA6-C37AC50044A5}.Release|Mixed Platforms.ActiveCfg = Release|Win32
		{2B406506-6A4D-40BC-8BA6-C37AC50044A5}.Release|Win32.ActiveCfg = Release|Win32
		{2B406506-6A4D-40BC-8BA6-C37AC50044A5}.Release|Win32.Build.0 = Release|Win32
		{2B406506-6A4D-40BC-8BA6-C37AC50044A5}.Release|x64.ActiveCfg = Release|Win32
		{2B406506-6A4D-40BC-8BA6-C37AC50044A5}.Release|x86.ActiveCfg = Release|Win32
		{75586B89-9050-41CC-A924-F2AE9D733D20}.Debug|Any CPU.ActiveCfg = Debug|Win32
		{75586B89-9050-41CC-A924-F2AE9D733D20}.Debug|ARM.ActiveCfg = Debug|Win32
		{75586B89-9050-41CC-A924-F2AE9D733D20}.Debug|Mixed Platforms.ActiveCfg = Debug|Win32
		{75586B89-9050-41CC-A924-F2AE9D733D20}.Debug|Win32.ActiveCfg = Debug|Win32
		{75586B89-9050-41CC-A924-F2AE9D733D20}.Debug|Win32.Build.0 = Debug|Win32
		{75586B89-9050-41CC-A924-F2AE9D733D20}.Debug|x64.ActiveCfg = Debug|Win32
		{75586B89-9050-41CC-A924-F2AE9D733D20}.Debug|x86.ActiveCfg = Debug|Win32
		{75586B89-9050-41CC-A924-F2AE9D733D20}.Release|Any CPU.ActiveCfg = Release|Win32
		{75586B89-9050-41CC-A924-F2AE9D733D20}.Release|ARM.ActiveCfg = Release|Win32
		{75586B89-9050-41CC-A924-F2AE9D733D20}.Release|Mixed Platforms.ActiveCfg = Release|Win32
		{75586B89-9050-41CC-A924-F2AE9D733D20}.Release|Win32.ActiveCfg = Release|Win32
		{75586B89-9050-41CC-A924-F2AE9D733D20}.Release|Win32.Build.0 = Release|Win32
		{75586B89-9050-41CC-A924-F2AE9D733D20}.Release|x64.ActiveCfg = Release|Win32
		{75586B89-9050-41CC-A924-F2AE9D733D20}.Release|x86.ActiveCfg = Release|Win32
		{87F689C9-A556-43B3-AB63-392C8315576B}.Debug|Any CPU.ActiveCfg = Debug|Any CPU
		{87F689C9-A556-43B3-AB63-392C8315576B}.Debug|Any CPU.Build.0 = Debug|Any CPU
		{87F689C9-A556-43B3-AB63-392C8315576B}.Debug|ARM.ActiveCfg = Debug|Any CPU
		{87F689C9-A556-43B3-AB63-392C8315576B}.Debug|Mixed Platforms.ActiveCfg = Debug|Any CPU
		{87F689C9-A556-43B3-AB63-392C8315576B}.Debug|Win32.ActiveCfg = Debug|Any CPU
		{87F689C9-A556-43B3-AB63-392C8315576B}.Debug|x64.ActiveCfg = Debug|Any CPU
		{87F689C9-A556-43B3-AB63-392C8315576B}.Debug|x86.ActiveCfg = Debug|Any CPU
		{87F689C9-A556-43B3-AB63-392C8315576B}.Release|Any CPU.ActiveCfg = Release|Any CPU
		{87F689C9-A556-43B3-AB63-392C8315576B}.Release|Any CPU.Build.0 = Release|Any CPU
		{87F689C9-A556-43B3-AB63-392C8315576B}.Release|ARM.ActiveCfg = Release|Any CPU
		{87F689C9-A556-43B3-AB63-392C8315576B}.Release|Mixed Platforms.ActiveCfg = Release|Any CPU
		{87F689C9-A556-43B3-AB63-392C8315576B}.Release|Win32.ActiveCfg = Release|Any CPU
		{87F689C9-A556-43B3-AB63-392C8315576B}.Release|x64.ActiveCfg = Release|Any CPU
		{87F689C9-A556-43B3-AB63-392C8315576B}.Release|x86.ActiveCfg = Release|Any CPU
		{C2A38BC3-5E51-4E57-9B94-4F7D93295381}.Debug|Any CPU.ActiveCfg = Debug|Any CPU
		{C2A38BC3-5E51-4E57-9B94-4F7D93295381}.Debug|Any CPU.Build.0 = Debug|Any CPU
		{C2A38BC3-5E51-4E57-9B94-4F7D93295381}.Debug|ARM.ActiveCfg = Debug|Any CPU
		{C2A38BC3-5E51-4E57-9B94-4F7D93295381}.Debug|Mixed Platforms.ActiveCfg = Debug|Any CPU
		{C2A38BC3-5E51-4E57-9B94-4F7D93295381}.Debug|Mixed Platforms.Build.0 = Debug|Any CPU
		{C2A38BC3-5E51-4E57-9B94-4F7D93295381}.Debug|Win32.ActiveCfg = Debug|Any CPU
		{C2A38BC3-5E51-4E57-9B94-4F7D93295381}.Debug|x64.ActiveCfg = Debug|Any CPU
		{C2A38BC3-5E51-4E57-9B94-4F7D93295381}.Debug|x86.ActiveCfg = Debug|Any CPU
		{C2A38BC3-5E51-4E57-9B94-4F7D93295381}.Release|Any CPU.ActiveCfg = Release|Any CPU
		{C2A38BC3-5E51-4E57-9B94-4F7D93295381}.Release|Any CPU.Build.0 = Release|Any CPU
		{C2A38BC3-5E51-4E57-9B94-4F7D93295381}.Release|ARM.ActiveCfg = Release|Any CPU
		{C2A38BC3-5E51-4E57-9B94-4F7D93295381}.Release|Mixed Platforms.ActiveCfg = Release|Any CPU
		{C2A38BC3-5E51-4E57-9B94-4F7D93295381}.Release|Mixed Platforms.Build.0 = Release|Any CPU
		{C2A38BC3-5E51-4E57-9B94-4F7D93295381}.Release|Win32.ActiveCfg = Release|Any CPU
		{C2A38BC3-5E51-4E57-9B94-4F7D93295381}.Release|x64.ActiveCfg = Release|Any CPU
		{C2A38BC3-5E51-4E57-9B94-4F7D93295381}.Release|x86.ActiveCfg = Release|Any CPU
		{E8175870-8D7D-427B-8C7E-C2677838E72C}.Debug|Any CPU.ActiveCfg = Debug|Any CPU
		{E8175870-8D7D-427B-8C7E-C2677838E72C}.Debug|Any CPU.Build.0 = Debug|Any CPU
		{E8175870-8D7D-427B-8C7E-C2677838E72C}.Debug|Any CPU.Deploy.0 = Debug|Any CPU
		{E8175870-8D7D-427B-8C7E-C2677838E72C}.Debug|ARM.ActiveCfg = Debug|ARM
		{E8175870-8D7D-427B-8C7E-C2677838E72C}.Debug|ARM.Build.0 = Debug|ARM
		{E8175870-8D7D-427B-8C7E-C2677838E72C}.Debug|ARM.Deploy.0 = Debug|ARM
		{E8175870-8D7D-427B-8C7E-C2677838E72C}.Debug|Mixed Platforms.ActiveCfg = Debug|x86
		{E8175870-8D7D-427B-8C7E-C2677838E72C}.Debug|Mixed Platforms.Build.0 = Debug|x86
		{E8175870-8D7D-427B-8C7E-C2677838E72C}.Debug|Mixed Platforms.Deploy.0 = Debug|x86
		{E8175870-8D7D-427B-8C7E-C2677838E72C}.Debug|Win32.ActiveCfg = Debug|x86
		{E8175870-8D7D-427B-8C7E-C2677838E72C}.Debug|Win32.Build.0 = Debug|x86
		{E8175870-8D7D-427B-8C7E-C2677838E72C}.Debug|Win32.Deploy.0 = Debug|x86
		{E8175870-8D7D-427B-8C7E-C2677838E72C}.Debug|x64.ActiveCfg = Debug|Any CPU
		{E8175870-8D7D-427B-8C7E-C2677838E72C}.Debug|x86.ActiveCfg = Debug|x86
		{E8175870-8D7D-427B-8C7E-C2677838E72C}.Debug|x86.Build.0 = Debug|x86
		{E8175870-8D7D-427B-8C7E-C2677838E72C}.Debug|x86.Deploy.0 = Debug|x86
		{E8175870-8D7D-427B-8C7E-C2677838E72C}.Release|Any CPU.ActiveCfg = Release|Any CPU
		{E8175870-8D7D-427B-8C7E-C2677838E72C}.Release|Any CPU.Build.0 = Release|Any CPU
		{E8175870-8D7D-427B-8C7E-C2677838E72C}.Release|Any CPU.Deploy.0 = Release|Any CPU
		{E8175870-8D7D-427B-8C7E-C2677838E72C}.Release|ARM.ActiveCfg = Release|ARM
		{E8175870-8D7D-427B-8C7E-C2677838E72C}.Release|ARM.Build.0 = Release|ARM
		{E8175870-8D7D-427B-8C7E-C2677838E72C}.Release|ARM.Deploy.0 = Release|ARM
		{E8175870-8D7D-427B-8C7E-C2677838E72C}.Release|Mixed Platforms.ActiveCfg = Release|x86
		{E8175870-8D7D-427B-8C7E-C2677838E72C}.Release|Mixed Platforms.Build.0 = Release|x86
		{E8175870-8D7D-427B-8C7E-C2677838E72C}.Release|Mixed Platforms.Deploy.0 = Release|x86
		{E8175870-8D7D-427B-8C7E-C2677838E72C}.Release|Win32.ActiveCfg = Release|x86
		{E8175870-8D7D-427B-8C7E-C2677838E72C}.Release|Win32.Build.0 = Release|x86
		{E8175870-8D7D-427B-8C7E-C2677838E72C}.Release|Win32.Deploy.0 = Release|x86
		{E8175870-8D7D-427B-8C7E-C2677838E72C}.Release|x64.ActiveCfg = Release|Any CPU
		{E8175870-8D7D-427B-8C7E-C2677838E72C}.Release|x86.ActiveCfg = Release|x86
		{E8175870-8D7D-427B-8C7E-C2677838E72C}.Release|x86.Build.0 = Release|x86
		{E8175870-8D7D-427B-8C7E-C2677838E72C}.Release|x86.Deploy.0 = Release|x86
		{35816134-5BEF-4BB5-8C04-FD73E413185B}.Debug|Any CPU.ActiveCfg = Debug|Win32
		{35816134-5BEF-4BB5-8C04-FD73E413185B}.Debug|ARM.ActiveCfg = Debug|Win32
		{35816134-5BEF-4BB5-8C04-FD73E413185B}.Debug|Mixed Platforms.ActiveCfg = Debug|Win32
		{35816134-5BEF-4BB5-8C04-FD73E413185B}.Debug|Mixed Platforms.Build.0 = Debug|Win32
		{35816134-5BEF-4BB5-8C04-FD73E413185B}.Debug|Win32.ActiveCfg = Debug|Win32
		{35816134-5BEF-4BB5-8C04-FD73E413185B}.Debug|Win32.Build.0 = Debug|Win32
		{35816134-5BEF-4BB5-8C04-FD73E413185B}.Debug|x64.ActiveCfg = Debug|Win32
		{35816134-5BEF-4BB5-8C04-FD73E413185B}.Debug|x86.ActiveCfg = Debug|Win32
		{35816134-5BEF-4BB5-8C04-FD73E413185B}.Debug|x86.Build.0 = Debug|Win32
		{35816134-5BEF-4BB5-8C04-FD73E413185B}.Release|Any CPU.ActiveCfg = Release|Win32
		{35816134-5BEF-4BB5-8C04-FD73E413185B}.Release|ARM.ActiveCfg = Release|Win32
		{35816134-5BEF-4BB5-8C04-FD73E413185B}.Release|Mixed Platforms.ActiveCfg = Release|Win32
		{35816134-5BEF-4BB5-8C04-FD73E413185B}.Release|Mixed Platforms.Build.0 = Release|Win32
		{35816134-5BEF-4BB5-8C04-FD73E413185B}.Release|Win32.ActiveCfg = Release|Win32
		{35816134-5BEF-4BB5-8C04-FD73E413185B}.Release|Win32.Build.0 = Release|Win32
		{35816134-5BEF-4BB5-8C04-FD73E413185B}.Release|x64.ActiveCfg = Release|Win32
		{35816134-5BEF-4BB5-8C04-FD73E413185B}.Release|x64.Build.0 = Release|Win32
		{35816134-5BEF-4BB5-8C04-FD73E413185B}.Release|x86.ActiveCfg = Release|Win32
		{35816134-5BEF-4BB5-8C04-FD73E413185B}.Release|x86.Build.0 = Release|Win32
		{BBF25920-CD32-4EBF-AE37-A185C7BFF1FD}.Debug|Any CPU.ActiveCfg = Debug|Any CPU
		{BBF25920-CD32-4EBF-AE37-A185C7BFF1FD}.Debug|Any CPU.Build.0 = Debug|Any CPU
		{BBF25920-CD32-4EBF-AE37-A185C7BFF1FD}.Debug|ARM.ActiveCfg = Debug|Any CPU
		{BBF25920-CD32-4EBF-AE37-A185C7BFF1FD}.Debug|Mixed Platforms.ActiveCfg = Debug|Any CPU
		{BBF25920-CD32-4EBF-AE37-A185C7BFF1FD}.Debug|Mixed Platforms.Build.0 = Debug|Any CPU
		{BBF25920-CD32-4EBF-AE37-A185C7BFF1FD}.Debug|Win32.ActiveCfg = Debug|Any CPU
		{BBF25920-CD32-4EBF-AE37-A185C7BFF1FD}.Debug|Win32.Build.0 = Debug|Any CPU
		{BBF25920-CD32-4EBF-AE37-A185C7BFF1FD}.Debug|x64.ActiveCfg = Debug|Any CPU
		{BBF25920-CD32-4EBF-AE37-A185C7BFF1FD}.Debug|x86.ActiveCfg = Debug|Any CPU
		{BBF25920-CD32-4EBF-AE37-A185C7BFF1FD}.Debug|x86.Build.0 = Debug|Any CPU
		{BBF25920-CD32-4EBF-AE37-A185C7BFF1FD}.Debug|x86.Deploy.0 = Debug|Any CPU
		{BBF25920-CD32-4EBF-AE37-A185C7BFF1FD}.Release|Any CPU.ActiveCfg = Release|Any CPU
		{BBF25920-CD32-4EBF-AE37-A185C7BFF1FD}.Release|Any CPU.Build.0 = Release|Any CPU
		{BBF25920-CD32-4EBF-AE37-A185C7BFF1FD}.Release|ARM.ActiveCfg = Release|Any CPU
		{BBF25920-CD32-4EBF-AE37-A185C7BFF1FD}.Release|Mixed Platforms.ActiveCfg = Release|Any CPU
		{BBF25920-CD32-4EBF-AE37-A185C7BFF1FD}.Release|Mixed Platforms.Build.0 = Release|Any CPU
		{BBF25920-CD32-4EBF-AE37-A185C7BFF1FD}.Release|Win32.ActiveCfg = Release|Any CPU
		{BBF25920-CD32-4EBF-AE37-A185C7BFF1FD}.Release|x64.ActiveCfg = Release|Any CPU
		{BBF25920-CD32-4EBF-AE37-A185C7BFF1FD}.Release|x86.ActiveCfg = Release|Any CPU
		{BBF25920-CD32-4EBF-AE37-A185C7BFF1FD}.Release|x86.Build.0 = Release|Any CPU
		{DA593235-5BFD-4009-84F0-05BA75CB1175}.Debug|Any CPU.ActiveCfg = Debug|Win32
		{DA593235-5BFD-4009-84F0-05BA75CB1175}.Debug|ARM.ActiveCfg = Debug|Win32
		{DA593235-5BFD-4009-84F0-05BA75CB1175}.Debug|Mixed Platforms.ActiveCfg = Debug|Win32
		{DA593235-5BFD-4009-84F0-05BA75CB1175}.Debug|Mixed Platforms.Build.0 = Debug|Win32
		{DA593235-5BFD-4009-84F0-05BA75CB1175}.Debug|Win32.ActiveCfg = Debug|Win32
		{DA593235-5BFD-4009-84F0-05BA75CB1175}.Debug|Win32.Build.0 = Debug|Win32
		{DA593235-5BFD-4009-84F0-05BA75CB1175}.Debug|x64.ActiveCfg = Debug|Win32
		{DA593235-5BFD-4009-84F0-05BA75CB1175}.Debug|x86.ActiveCfg = Debug|Win32
		{DA593235-5BFD-4009-84F0-05BA75CB1175}.Debug|x86.Build.0 = Debug|Win32
		{DA593235-5BFD-4009-84F0-05BA75CB1175}.Release|Any CPU.ActiveCfg = Release|Win32
		{DA593235-5BFD-4009-84F0-05BA75CB1175}.Release|ARM.ActiveCfg = Release|Win32
		{DA593235-5BFD-4009-84F0-05BA75CB1175}.Release|Mixed Platforms.ActiveCfg = Release|Win32
		{DA593235-5BFD-4009-84F0-05BA75CB1175}.Release|Mixed Platforms.Build.0 = Release|Win32
		{DA593235-5BFD-4009-84F0-05BA75CB1175}.Release|Win32.ActiveCfg = Release|Win32
		{DA593235-5BFD-4009-84F0-05BA75CB1175}.Release|Win32.Build.0 = Release|Win32
		{DA593235-5BFD-4009-84F0-05BA75CB1175}.Release|x64.ActiveCfg = Release|Win32
		{DA593235-5BFD-4009-84F0-05BA75CB1175}.Release|x86.ActiveCfg = Release|Win32
		{DA593235-5BFD-4009-84F0-05BA75CB1175}.Release|x86.Build.0 = Release|Win32
		{26BE90D0-2A48-48AD-A402-68E58CFCF35C}.Debug|Any CPU.ActiveCfg = Debug|Win32
		{26BE90D0-2A48-48AD-A402-68E58CFCF35C}.Debug|ARM.ActiveCfg = Debug|Win32
		{26BE90D0-2A48-48AD-A402-68E58CFCF35C}.Debug|Mixed Platforms.ActiveCfg = Debug|Win32
		{26BE90D0-2A48-48AD-A402-68E58CFCF35C}.Debug|Mixed Platforms.Build.0 = Debug|Win32
		{26BE90D0-2A48-48AD-A402-68E58CFCF35C}.Debug|Win32.ActiveCfg = Debug|Win32
		{26BE90D0-2A48-48AD-A402-68E58CFCF35C}.Debug|Win32.Build.0 = Debug|Win32
		{26BE90D0-2A48-48AD-A402-68E58CFCF35C}.Debug|x64.ActiveCfg = Debug|Win32
		{26BE90D0-2A48-48AD-A402-68E58CFCF35C}.Debug|x86.ActiveCfg = Debug|Win32
		{26BE90D0-2A48-48AD-A402-68E58CFCF35C}.Debug|x86.Build.0 = Debug|Win32
		{26BE90D0-2A48-48AD-A402-68E58CFCF35C}.Release|Any CPU.ActiveCfg = Release|Win32
		{26BE90D0-2A48-48AD-A402-68E58CFCF35C}.Release|ARM.ActiveCfg = Release|Win32
		{26BE90D0-2A48-48AD-A402-68E58CFCF35C}.Release|Mixed Platforms.ActiveCfg = Release|Win32
		{26BE90D0-2A48-48AD-A402-68E58CFCF35C}.Release|Mixed Platforms.Build.0 = Release|Win32
		{26BE90D0-2A48-48AD-A402-68E58CFCF35C}.Release|Win32.ActiveCfg = Release|Win32
		{26BE90D0-2A48-48AD-A402-68E58CFCF35C}.Release|Win32.Build.0 = Release|Win32
		{26BE90D0-2A48-48AD-A402-68E58CFCF35C}.Release|x64.ActiveCfg = Release|Win32
		{26BE90D0-2A48-48AD-A402-68E58CFCF35C}.Release|x86.ActiveCfg = Release|Win32
		{26BE90D0-2A48-48AD-A402-68E58CFCF35C}.Release|x86.Build.0 = Release|Win32
		{4D01C8BC-8EAE-4AAC-957E-992299A3B089}.Debug|Any CPU.ActiveCfg = Debug|Win32
		{4D01C8BC-8EAE-4AAC-957E-992299A3B089}.Debug|ARM.ActiveCfg = Debug|Win32
		{4D01C8BC-8EAE-4AAC-957E-992299A3B089}.Debug|Mixed Platforms.ActiveCfg = Debug|Win32
		{4D01C8BC-8EAE-4AAC-957E-992299A3B089}.Debug|Mixed Platforms.Build.0 = Debug|Win32
		{4D01C8BC-8EAE-4AAC-957E-992299A3B089}.Debug|Win32.ActiveCfg = Debug|Win32
		{4D01C8BC-8EAE-4AAC-957E-992299A3B089}.Debug|Win32.Build.0 = Debug|Win32
		{4D01C8BC-8EAE-4AAC-957E-992299A3B089}.Debug|x64.ActiveCfg = Debug|Win32
		{4D01C8BC-8EAE-4AAC-957E-992299A3B089}.Debug|x86.ActiveCfg = Debug|Win32
		{4D01C8BC-8EAE-4AAC-957E-992299A3B089}.Debug|x86.Build.0 = Debug|Win32
		{4D01C8BC-8EAE-4AAC-957E-992299A3B089}.Release|Any CPU.ActiveCfg = Release|Win32
		{4D01C8BC-8EAE-4AAC-957E-992299A3B089}.Release|ARM.ActiveCfg = Release|Win32
		{4D01C8BC-8EAE-4AAC-957E-992299A3B089}.Release|Mixed Platforms.ActiveCfg = Release|Win32
		{4D01C8BC-8EAE-4AAC-957E-992299A3B089}.Release|Mixed Platforms.Build.0 = Release|Win32
		{4D01C8BC-8EAE-4AAC-957E-992299A3B089}.Release|Win32.ActiveCfg = Release|Win32
		{4D01C8BC-8EAE-4AAC-957E-992299A3B089}.Release|Win32.Build.0 = Release|Win32
		{4D01C8BC-8EAE-4AAC-957E-992299A3B089}.Release|x64.ActiveCfg = Release|Win32
		{4D01C8BC-8EAE-4AAC-957E-992299A3B089}.Release|x86.ActiveCfg = Release|Win32
		{4D01C8BC-8EAE-4AAC-957E-992299A3B089}.Release|x86.Build.0 = Release|Win32
		{17755C52-03EC-4178-85EF-284EB164EBDB}.Debug|Any CPU.ActiveCfg = Debug|Win32
		{17755C52-03EC-4178-85EF-284EB164EBDB}.Debug|ARM.ActiveCfg = Debug|Win32
		{17755C52-03EC-4178-85EF-284EB164EBDB}.Debug|Mixed Platforms.ActiveCfg = Debug|Win32
		{17755C52-03EC-4178-85EF-284EB164EBDB}.Debug|Mixed Platforms.Build.0 = Debug|Win32
		{17755C52-03EC-4178-85EF-284EB164EBDB}.Debug|Win32.ActiveCfg = Debug|Win32
		{17755C52-03EC-4178-85EF-284EB164EBDB}.Debug|Win32.Build.0 = Debug|Win32
		{17755C52-03EC-4178-85EF-284EB164EBDB}.Debug|x64.ActiveCfg = Debug|Win32
		{17755C52-03EC-4178-85EF-284EB164EBDB}.Debug|x86.ActiveCfg = Debug|Win32
		{17755C52-03EC-4178-85EF-284EB164EBDB}.Debug|x86.Build.0 = Debug|Win32
		{17755C52-03EC-4178-85EF-284EB164EBDB}.Release|Any CPU.ActiveCfg = Release|Win32
		{17755C52-03EC-4178-85EF-284EB164EBDB}.Release|ARM.ActiveCfg = Release|Win32
		{17755C52-03EC-4178-85EF-284EB164EBDB}.Release|Mixed Platforms.ActiveCfg = Release|Win32
		{17755C52-03EC-4178-85EF-284EB164EBDB}.Release|Mixed Platforms.Build.0 = Release|Win32
		{17755C52-03EC-4178-85EF-284EB164EBDB}.Release|Win32.ActiveCfg = Release|Win32
		{17755C52-03EC-4178-85EF-284EB164EBDB}.Release|Win32.Build.0 = Release|Win32
		{17755C52-03EC-4178-85EF-284EB164EBDB}.Release|x64.ActiveCfg = Release|Win32
		{17755C52-03EC-4178-85EF-284EB164EBDB}.Release|x86.ActiveCfg = Release|Win32
		{17755C52-03EC-4178-85EF-284EB164EBDB}.Release|x86.Build.0 = Release|Win32
	EndGlobalSection
	GlobalSection(SolutionProperties) = preSolution
		HideSolutionNode = FALSE
	EndGlobalSection
EndGlobal
